{
  "pins" : [
    {
      "identity" : "compute",
      "kind" : "remoteSourceControl",
      "location" : "https://github.com/swift-cloud/Compute",
      "state" : {
        "revision" : "6ad4ec6af8601e565c9e339d3565c987ae8fed78",
        "version" : "1.7.0"
      }
    },
    {
      "identity" : "fake-fortune-telling",
      "kind" : "remoteSourceControl",
      "location" : "https://github.com/yumemi-inc/fake-fortune-telling",
      "state" : {
        "revision" : "a8f92eda3daa9a832e96a84f3487f1cbe7463c8b",
        "version" : "0.2.2"
      }
    }
  ],
  "version" : 2
}
