{
  "pins" : [
    {
      "identity" : "compute",
      "kind" : "remoteSourceControl",
      "location" : "https://github.com/swift-cloud/Compute",
      "state" : {
        "revision" : "6ad4ec6af8601e565c9e339d3565c987ae8fed78",
        "version" : "1.7.0"
      }
    },
    {
      "identity" : "fake-fortune-telling",
      "kind" : "remoteSourceControl",
      "location" : "https://github.com/yumemi-inc/fake-fortune-telling",
      "state" : {
        "revision" : "bf15330a73b0d3d9f3578aee91fb281c86a26957",
        "version" : "0.2.3"
      }
    }
  ],
  "version" : 2
}
